// !$*UTF8*$!
{
	archiveVersion = 1;
	classes = {
	};
	objectVersion = 56;
	objects = {

/* Begin PBXBuildFile section */
		DB4479D02AC6374D00E8DB65 /* AppDelegate.swift in Sources */ = {isa = PBXBuildFile; fileRef = DB4479CF2AC6374D00E8DB65 /* AppDelegate.swift */; };
		DB4479D22AC6374D00E8DB65 /* SceneDelegate.swift in Sources */ = {isa = PBXBuildFile; fileRef = DB4479D12AC6374D00E8DB65 /* SceneDelegate.swift */; };
		DB4479D92AC6375000E8DB65 /* Assets.xcassets in Resources */ = {isa = PBXBuildFile; fileRef = DB4479D82AC6375000E8DB65 /* Assets.xcassets */; };
		DB4479DC2AC6375000E8DB65 /* LaunchScreen.storyboard in Resources */ = {isa = PBXBuildFile; fileRef = DB4479DA2AC6375000E8DB65 /* LaunchScreen.storyboard */; };
		DB4479E72AC6375000E8DB65 /* ViperArchitectureAlterNewsTests.swift in Sources */ = {isa = PBXBuildFile; fileRef = DB4479E62AC6375000E8DB65 /* ViperArchitectureAlterNewsTests.swift */; };
		DB4479F12AC6375000E8DB65 /* ViperArchitectureAlterNewsUITests.swift in Sources */ = {isa = PBXBuildFile; fileRef = DB4479F02AC6375000E8DB65 /* ViperArchitectureAlterNewsUITests.swift */; };
		DB4479F32AC6375000E8DB65 /* ViperArchitectureAlterNewsUITestsLaunchTests.swift in Sources */ = {isa = PBXBuildFile; fileRef = DB4479F22AC6375000E8DB65 /* ViperArchitectureAlterNewsUITestsLaunchTests.swift */; };
		DB447A082AC637C300E8DB65 /* NewsViewController.swift in Sources */ = {isa = PBXBuildFile; fileRef = DB447A072AC637C300E8DB65 /* NewsViewController.swift */; };
		DB447A0A2AC637E100E8DB65 /* NewsInteractor.swift in Sources */ = {isa = PBXBuildFile; fileRef = DB447A092AC637E100E8DB65 /* NewsInteractor.swift */; };
		DB447A0C2AC637E800E8DB65 /* NewsPresenter.swift in Sources */ = {isa = PBXBuildFile; fileRef = DB447A0B2AC637E800E8DB65 /* NewsPresenter.swift */; };
		DB447A0E2AC637F000E8DB65 /* NewsEntity.swift in Sources */ = {isa = PBXBuildFile; fileRef = DB447A0D2AC637F000E8DB65 /* NewsEntity.swift */; };
		DB447A102AC637FA00E8DB65 /* NewsRouter.swift in Sources */ = {isa = PBXBuildFile; fileRef = DB447A0F2AC637FA00E8DB65 /* NewsRouter.swift */; };
		DB447A122AC6381B00E8DB65 /* NewsProtocols.swift in Sources */ = {isa = PBXBuildFile; fileRef = DB447A112AC6381B00E8DB65 /* NewsProtocols.swift */; };
		DB447A172AC64DB000E8DB65 /* NetworkErrors.swift in Sources */ = {isa = PBXBuildFile; fileRef = DB447A162AC64DB000E8DB65 /* NetworkErrors.swift */; };
		DB7D98B32ACB80E400A6477D /* NewsNetworkService.swift in Sources */ = {isa = PBXBuildFile; fileRef = DB7D98B22ACB80E400A6477D /* NewsNetworkService.swift */; };
		DB7D98B52ACB812900A6477D /* Constants.swift in Sources */ = {isa = PBXBuildFile; fileRef = DB7D98B42ACB812900A6477D /* Constants.swift */; };
		DB7D98BA2ACB84B200A6477D /* NewsViewModelMapper.swift in Sources */ = {isa = PBXBuildFile; fileRef = DB7D98B92ACB84B200A6477D /* NewsViewModelMapper.swift */; };
		DB7D98BC2ACB850200A6477D /* NewsViewModel.swift in Sources */ = {isa = PBXBuildFile; fileRef = DB7D98BB2ACB850200A6477D /* NewsViewModel.swift */; };
		DB7D98BE2ACB8C2A00A6477D /* NewsTableViewCell.swift in Sources */ = {isa = PBXBuildFile; fileRef = DB7D98BD2ACB8C2A00A6477D /* NewsTableViewCell.swift */; };
		DB7D98C12ACB8D2D00A6477D /* Kingfisher in Frameworks */ = {isa = PBXBuildFile; productRef = DB7D98C02ACB8D2D00A6477D /* Kingfisher */; };
		DB7D98C42ACB8E4E00A6477D /* NewsDataSource.swift in Sources */ = {isa = PBXBuildFile; fileRef = DB7D98C32ACB8E4E00A6477D /* NewsDataSource.swift */; };
/* End PBXBuildFile section */

/* Begin PBXContainerItemProxy section */
		DB4479E32AC6375000E8DB65 /* PBXContainerItemProxy */ = {
			isa = PBXContainerItemProxy;
			containerPortal = DB4479C42AC6374D00E8DB65 /* Project object */;
			proxyType = 1;
			remoteGlobalIDString = DB4479CB2AC6374D00E8DB65;
			remoteInfo = ViperArchitectureAlterNews;
		};
		DB4479ED2AC6375000E8DB65 /* PBXContainerItemProxy */ = {
			isa = PBXContainerItemProxy;
			containerPortal = DB4479C42AC6374D00E8DB65 /* Project object */;
			proxyType = 1;
			remoteGlobalIDString = DB4479CB2AC6374D00E8DB65;
			remoteInfo = ViperArchitectureAlterNews;
		};
/* End PBXContainerItemProxy section */

/* Begin PBXFileReference section */
		DB4479CC2AC6374D00E8DB65 /* ViperArchitectureAlterNews.app */ = {isa = PBXFileReference; explicitFileType = wrapper.application; includeInIndex = 0; path = ViperArchitectureAlterNews.app; sourceTree = BUILT_PRODUCTS_DIR; };
		DB4479CF2AC6374D00E8DB65 /* AppDelegate.swift */ = {isa = PBXFileReference; lastKnownFileType = sourcecode.swift; path = AppDelegate.swift; sourceTree = "<group>"; };
		DB4479D12AC6374D00E8DB65 /* SceneDelegate.swift */ = {isa = PBXFileReference; lastKnownFileType = sourcecode.swift; path = SceneDelegate.swift; sourceTree = "<group>"; };
		DB4479D82AC6375000E8DB65 /* Assets.xcassets */ = {isa = PBXFileReference; lastKnownFileType = folder.assetcatalog; path = Assets.xcassets; sourceTree = "<group>"; };
		DB4479DB2AC6375000E8DB65 /* Base */ = {isa = PBXFileReference; lastKnownFileType = file.storyboard; name = Base; path = Base.lproj/LaunchScreen.storyboard; sourceTree = "<group>"; };
		DB4479DD2AC6375000E8DB65 /* Info.plist */ = {isa = PBXFileReference; lastKnownFileType = text.plist.xml; path = Info.plist; sourceTree = "<group>"; };
		DB4479E22AC6375000E8DB65 /* ViperArchitectureAlterNewsTests.xctest */ = {isa = PBXFileReference; explicitFileType = wrapper.cfbundle; includeInIndex = 0; path = ViperArchitectureAlterNewsTests.xctest; sourceTree = BUILT_PRODUCTS_DIR; };
		DB4479E62AC6375000E8DB65 /* ViperArchitectureAlterNewsTests.swift */ = {isa = PBXFileReference; lastKnownFileType = sourcecode.swift; path = ViperArchitectureAlterNewsTests.swift; sourceTree = "<group>"; };
		DB4479EC2AC6375000E8DB65 /* ViperArchitectureAlterNewsUITests.xctest */ = {isa = PBXFileReference; explicitFileType = wrapper.cfbundle; includeInIndex = 0; path = ViperArchitectureAlterNewsUITests.xctest; sourceTree = BUILT_PRODUCTS_DIR; };
		DB4479F02AC6375000E8DB65 /* ViperArchitectureAlterNewsUITests.swift */ = {isa = PBXFileReference; lastKnownFileType = sourcecode.swift; path = ViperArchitectureAlterNewsUITests.swift; sourceTree = "<group>"; };
		DB4479F22AC6375000E8DB65 /* ViperArchitectureAlterNewsUITestsLaunchTests.swift */ = {isa = PBXFileReference; lastKnownFileType = sourcecode.swift; path = ViperArchitectureAlterNewsUITestsLaunchTests.swift; sourceTree = "<group>"; };
		DB447A072AC637C300E8DB65 /* NewsViewController.swift */ = {isa = PBXFileReference; lastKnownFileType = sourcecode.swift; path = NewsViewController.swift; sourceTree = "<group>"; };
		DB447A092AC637E100E8DB65 /* NewsInteractor.swift */ = {isa = PBXFileReference; lastKnownFileType = sourcecode.swift; path = NewsInteractor.swift; sourceTree = "<group>"; };
		DB447A0B2AC637E800E8DB65 /* NewsPresenter.swift */ = {isa = PBXFileReference; lastKnownFileType = sourcecode.swift; path = NewsPresenter.swift; sourceTree = "<group>"; };
		DB447A0D2AC637F000E8DB65 /* NewsEntity.swift */ = {isa = PBXFileReference; lastKnownFileType = sourcecode.swift; path = NewsEntity.swift; sourceTree = "<group>"; };
		DB447A0F2AC637FA00E8DB65 /* NewsRouter.swift */ = {isa = PBXFileReference; lastKnownFileType = sourcecode.swift; path = NewsRouter.swift; sourceTree = "<group>"; };
		DB447A112AC6381B00E8DB65 /* NewsProtocols.swift */ = {isa = PBXFileReference; lastKnownFileType = sourcecode.swift; path = NewsProtocols.swift; sourceTree = "<group>"; };
		DB447A162AC64DB000E8DB65 /* NetworkErrors.swift */ = {isa = PBXFileReference; lastKnownFileType = sourcecode.swift; path = NetworkErrors.swift; sourceTree = "<group>"; };
		DB7D98B22ACB80E400A6477D /* NewsNetworkService.swift */ = {isa = PBXFileReference; lastKnownFileType = sourcecode.swift; path = NewsNetworkService.swift; sourceTree = "<group>"; };
		DB7D98B42ACB812900A6477D /* Constants.swift */ = {isa = PBXFileReference; lastKnownFileType = sourcecode.swift; path = Constants.swift; sourceTree = "<group>"; };
		DB7D98B92ACB84B200A6477D /* NewsViewModelMapper.swift */ = {isa = PBXFileReference; lastKnownFileType = sourcecode.swift; path = NewsViewModelMapper.swift; sourceTree = "<group>"; };
		DB7D98BB2ACB850200A6477D /* NewsViewModel.swift */ = {isa = PBXFileReference; lastKnownFileType = sourcecode.swift; path = NewsViewModel.swift; sourceTree = "<group>"; };
		DB7D98BD2ACB8C2A00A6477D /* NewsTableViewCell.swift */ = {isa = PBXFileReference; lastKnownFileType = sourcecode.swift; path = NewsTableViewCell.swift; sourceTree = "<group>"; };
		DB7D98C32ACB8E4E00A6477D /* NewsDataSource.swift */ = {isa = PBXFileReference; lastKnownFileType = sourcecode.swift; path = NewsDataSource.swift; sourceTree = "<group>"; };
/* End PBXFileReference section */

/* Begin PBXFrameworksBuildPhase section */
		DB4479C92AC6374D00E8DB65 /* Frameworks */ = {
			isa = PBXFrameworksBuildPhase;
			buildActionMask = 2147483647;
			files = (
				DB7D98C12ACB8D2D00A6477D /* Kingfisher in Frameworks */,
			);
			runOnlyForDeploymentPostprocessing = 0;
		};
		DB4479DF2AC6375000E8DB65 /* Frameworks */ = {
			isa = PBXFrameworksBuildPhase;
			buildActionMask = 2147483647;
			files = (
			);
			runOnlyForDeploymentPostprocessing = 0;
		};
		DB4479E92AC6375000E8DB65 /* Frameworks */ = {
			isa = PBXFrameworksBuildPhase;
			buildActionMask = 2147483647;
			files = (
			);
			runOnlyForDeploymentPostprocessing = 0;
		};
/* End PBXFrameworksBuildPhase section */

/* Begin PBXGroup section */
		DB4479C32AC6374D00E8DB65 = {
			isa = PBXGroup;
			children = (
				DB4479CE2AC6374D00E8DB65 /* ViperArchitectureAlterNews */,
				DB4479E52AC6375000E8DB65 /* ViperArchitectureAlterNewsTests */,
				DB4479EF2AC6375000E8DB65 /* ViperArchitectureAlterNewsUITests */,
				DB4479CD2AC6374D00E8DB65 /* Products */,
			);
			sourceTree = "<group>";
		};
		DB4479CD2AC6374D00E8DB65 /* Products */ = {
			isa = PBXGroup;
			children = (
				DB4479CC2AC6374D00E8DB65 /* ViperArchitectureAlterNews.app */,
				DB4479E22AC6375000E8DB65 /* ViperArchitectureAlterNewsTests.xctest */,
				DB4479EC2AC6375000E8DB65 /* ViperArchitectureAlterNewsUITests.xctest */,
			);
			name = Products;
			sourceTree = "<group>";
		};
		DB4479CE2AC6374D00E8DB65 /* ViperArchitectureAlterNews */ = {
			isa = PBXGroup;
			children = (
				DB447A052AC6379F00E8DB65 /* Protocols */,
				DB447A042AC6379500E8DB65 /* Services */,
				DB447A032AC6378F00E8DB65 /* Common */,
				DB447A022AC6378900E8DB65 /* Extensions */,
				DB447A012AC6378300E8DB65 /* Modules */,
				DB4479FF2AC6375F00E8DB65 /* Application */,
				DB447A002AC6377C00E8DB65 /* Resources */,
				DB4479DD2AC6375000E8DB65 /* Info.plist */,
			);
			path = ViperArchitectureAlterNews;
			sourceTree = "<group>";
		};
		DB4479E52AC6375000E8DB65 /* ViperArchitectureAlterNewsTests */ = {
			isa = PBXGroup;
			children = (
				DB4479E62AC6375000E8DB65 /* ViperArchitectureAlterNewsTests.swift */,
			);
			path = ViperArchitectureAlterNewsTests;
			sourceTree = "<group>";
		};
		DB4479EF2AC6375000E8DB65 /* ViperArchitectureAlterNewsUITests */ = {
			isa = PBXGroup;
			children = (
				DB4479F02AC6375000E8DB65 /* ViperArchitectureAlterNewsUITests.swift */,
				DB4479F22AC6375000E8DB65 /* ViperArchitectureAlterNewsUITestsLaunchTests.swift */,
			);
			path = ViperArchitectureAlterNewsUITests;
			sourceTree = "<group>";
		};
		DB4479FF2AC6375F00E8DB65 /* Application */ = {
			isa = PBXGroup;
			children = (
				DB4479CF2AC6374D00E8DB65 /* AppDelegate.swift */,
				DB4479D12AC6374D00E8DB65 /* SceneDelegate.swift */,
				DB4479DA2AC6375000E8DB65 /* LaunchScreen.storyboard */,
			);
			path = Application;
			sourceTree = "<group>";
		};
		DB447A002AC6377C00E8DB65 /* Resources */ = {
			isa = PBXGroup;
			children = (
				DB4479D82AC6375000E8DB65 /* Assets.xcassets */,
			);
			path = Resources;
			sourceTree = "<group>";
		};
		DB447A012AC6378300E8DB65 /* Modules */ = {
			isa = PBXGroup;
			children = (
				DB447A062AC637A600E8DB65 /* MainNews */,
			);
			path = Modules;
			sourceTree = "<group>";
		};
		DB447A022AC6378900E8DB65 /* Extensions */ = {
			isa = PBXGroup;
			children = (
			);
			path = Extensions;
			sourceTree = "<group>";
		};
		DB447A032AC6378F00E8DB65 /* Common */ = {
			isa = PBXGroup;
			children = (
				DB447A162AC64DB000E8DB65 /* NetworkErrors.swift */,
				DB7D98B42ACB812900A6477D /* Constants.swift */,
			);
			path = Common;
			sourceTree = "<group>";
		};
		DB447A042AC6379500E8DB65 /* Services */ = {
			isa = PBXGroup;
			children = (
				DB7D98B22ACB80E400A6477D /* NewsNetworkService.swift */,
			);
			path = Services;
			sourceTree = "<group>";
		};
		DB447A052AC6379F00E8DB65 /* Protocols */ = {
			isa = PBXGroup;
			children = (
				DB447A112AC6381B00E8DB65 /* NewsProtocols.swift */,
			);
			path = Protocols;
			sourceTree = "<group>";
		};
		DB447A062AC637A600E8DB65 /* MainNews */ = {
			isa = PBXGroup;
			children = (
				DB7D98C22ACB8E3B00A6477D /* DataSource */,
				DB7D98B82ACB849D00A6477D /* Subviews */,
				DB7D98B72ACB849700A6477D /* Mappers */,
				DB7D98B62ACB849000A6477D /* ViewModels */,
				DB447A072AC637C300E8DB65 /* NewsViewController.swift */,
				DB447A092AC637E100E8DB65 /* NewsInteractor.swift */,
				DB447A0B2AC637E800E8DB65 /* NewsPresenter.swift */,
				DB447A0D2AC637F000E8DB65 /* NewsEntity.swift */,
				DB447A0F2AC637FA00E8DB65 /* NewsRouter.swift */,
			);
			path = MainNews;
			sourceTree = "<group>";
		};
		DB7D98B62ACB849000A6477D /* ViewModels */ = {
			isa = PBXGroup;
			children = (
				DB7D98BB2ACB850200A6477D /* NewsViewModel.swift */,
			);
			path = ViewModels;
			sourceTree = "<group>";
		};
		DB7D98B72ACB849700A6477D /* Mappers */ = {
			isa = PBXGroup;
			children = (
				DB7D98B92ACB84B200A6477D /* NewsViewModelMapper.swift */,
			);
			path = Mappers;
			sourceTree = "<group>";
		};
		DB7D98B82ACB849D00A6477D /* Subviews */ = {
			isa = PBXGroup;
			children = (
				DB7D98BD2ACB8C2A00A6477D /* NewsTableViewCell.swift */,
			);
			path = Subviews;
			sourceTree = "<group>";
		};
		DB7D98C22ACB8E3B00A6477D /* DataSource */ = {
			isa = PBXGroup;
			children = (
				DB7D98C32ACB8E4E00A6477D /* NewsDataSource.swift */,
			);
			path = DataSource;
			sourceTree = "<group>";
		};
/* End PBXGroup section */

/* Begin PBXNativeTarget section */
		DB4479CB2AC6374D00E8DB65 /* ViperArchitectureAlterNews */ = {
			isa = PBXNativeTarget;
			buildConfigurationList = DB4479F62AC6375000E8DB65 /* Build configuration list for PBXNativeTarget "ViperArchitectureAlterNews" */;
			buildPhases = (
				DB4479C82AC6374D00E8DB65 /* Sources */,
				DB4479C92AC6374D00E8DB65 /* Frameworks */,
				DB4479CA2AC6374D00E8DB65 /* Resources */,
			);
			buildRules = (
			);
			dependencies = (
			);
			name = ViperArchitectureAlterNews;
			packageProductDependencies = (
				DB7D98C02ACB8D2D00A6477D /* Kingfisher */,
			);
			productName = ViperArchitectureAlterNews;
			productReference = DB4479CC2AC6374D00E8DB65 /* ViperArchitectureAlterNews.app */;
			productType = "com.apple.product-type.application";
		};
		DB4479E12AC6375000E8DB65 /* ViperArchitectureAlterNewsTests */ = {
			isa = PBXNativeTarget;
			buildConfigurationList = DB4479F92AC6375000E8DB65 /* Build configuration list for PBXNativeTarget "ViperArchitectureAlterNewsTests" */;
			buildPhases = (
				DB4479DE2AC6375000E8DB65 /* Sources */,
				DB4479DF2AC6375000E8DB65 /* Frameworks */,
				DB4479E02AC6375000E8DB65 /* Resources */,
			);
			buildRules = (
			);
			dependencies = (
				DB4479E42AC6375000E8DB65 /* PBXTargetDependency */,
			);
			name = ViperArchitectureAlterNewsTests;
			productName = ViperArchitectureAlterNewsTests;
			productReference = DB4479E22AC6375000E8DB65 /* ViperArchitectureAlterNewsTests.xctest */;
			productType = "com.apple.product-type.bundle.unit-test";
		};
		DB4479EB2AC6375000E8DB65 /* ViperArchitectureAlterNewsUITests */ = {
			isa = PBXNativeTarget;
			buildConfigurationList = DB4479FC2AC6375000E8DB65 /* Build configuration list for PBXNativeTarget "ViperArchitectureAlterNewsUITests" */;
			buildPhases = (
				DB4479E82AC6375000E8DB65 /* Sources */,
				DB4479E92AC6375000E8DB65 /* Frameworks */,
				DB4479EA2AC6375000E8DB65 /* Resources */,
			);
			buildRules = (
			);
			dependencies = (
				DB4479EE2AC6375000E8DB65 /* PBXTargetDependency */,
			);
			name = ViperArchitectureAlterNewsUITests;
			productName = ViperArchitectureAlterNewsUITests;
			productReference = DB4479EC2AC6375000E8DB65 /* ViperArchitectureAlterNewsUITests.xctest */;
			productType = "com.apple.product-type.bundle.ui-testing";
		};
/* End PBXNativeTarget section */

/* Begin PBXProject section */
		DB4479C42AC6374D00E8DB65 /* Project object */ = {
			isa = PBXProject;
			attributes = {
				BuildIndependentTargetsInParallel = 1;
				LastSwiftUpdateCheck = 1430;
				LastUpgradeCheck = 1430;
				TargetAttributes = {
					DB4479CB2AC6374D00E8DB65 = {
						CreatedOnToolsVersion = 14.3.1;
					};
					DB4479E12AC6375000E8DB65 = {
						CreatedOnToolsVersion = 14.3.1;
						TestTargetID = DB4479CB2AC6374D00E8DB65;
					};
					DB4479EB2AC6375000E8DB65 = {
						CreatedOnToolsVersion = 14.3.1;
						TestTargetID = DB4479CB2AC6374D00E8DB65;
					};
				};
			};
			buildConfigurationList = DB4479C72AC6374D00E8DB65 /* Build configuration list for PBXProject "ViperArchitectureAlterNews" */;
			compatibilityVersion = "Xcode 14.0";
			developmentRegion = en;
			hasScannedForEncodings = 0;
			knownRegions = (
				en,
				Base,
			);
			mainGroup = DB4479C32AC6374D00E8DB65;
			packageReferences = (
				DB7D98BF2ACB8D2D00A6477D /* XCRemoteSwiftPackageReference "Kingfisher" */,
			);
			productRefGroup = DB4479CD2AC6374D00E8DB65 /* Products */;
			projectDirPath = "";
			projectRoot = "";
			targets = (
				DB4479CB2AC6374D00E8DB65 /* ViperArchitectureAlterNews */,
				DB4479E12AC6375000E8DB65 /* ViperArchitectureAlterNewsTests */,
				DB4479EB2AC6375000E8DB65 /* ViperArchitectureAlterNewsUITests */,
			);
		};
/* End PBXProject section */

/* Begin PBXResourcesBuildPhase section */
		DB4479CA2AC6374D00E8DB65 /* Resources */ = {
			isa = PBXResourcesBuildPhase;
			buildActionMask = 2147483647;
			files = (
				DB4479DC2AC6375000E8DB65 /* LaunchScreen.storyboard in Resources */,
				DB4479D92AC6375000E8DB65 /* Assets.xcassets in Resources */,
			);
			runOnlyForDeploymentPostprocessing = 0;
		};
		DB4479E02AC6375000E8DB65 /* Resources */ = {
			isa = PBXResourcesBuildPhase;
			buildActionMask = 2147483647;
			files = (
			);
			runOnlyForDeploymentPostprocessing = 0;
		};
		DB4479EA2AC6375000E8DB65 /* Resources */ = {
			isa = PBXResourcesBuildPhase;
			buildActionMask = 2147483647;
			files = (
			);
			runOnlyForDeploymentPostprocessing = 0;
		};
/* End PBXResourcesBuildPhase section */

/* Begin PBXSourcesBuildPhase section */
		DB4479C82AC6374D00E8DB65 /* Sources */ = {
			isa = PBXSourcesBuildPhase;
			buildActionMask = 2147483647;
			files = (
				DB447A122AC6381B00E8DB65 /* NewsProtocols.swift in Sources */,
				DB7D98B52ACB812900A6477D /* Constants.swift in Sources */,
				DB447A102AC637FA00E8DB65 /* NewsRouter.swift in Sources */,
				DB447A082AC637C300E8DB65 /* NewsViewController.swift in Sources */,
				DB447A0E2AC637F000E8DB65 /* NewsEntity.swift in Sources */,
				DB4479D02AC6374D00E8DB65 /* AppDelegate.swift in Sources */,
				DB7D98B32ACB80E400A6477D /* NewsNetworkService.swift in Sources */,
				DB447A0C2AC637E800E8DB65 /* NewsPresenter.swift in Sources */,
				DB7D98BE2ACB8C2A00A6477D /* NewsTableViewCell.swift in Sources */,
				DB4479D22AC6374D00E8DB65 /* SceneDelegate.swift in Sources */,
				DB447A0A2AC637E100E8DB65 /* NewsInteractor.swift in Sources */,
				DB7D98BC2ACB850200A6477D /* NewsViewModel.swift in Sources */,
				DB7D98BA2ACB84B200A6477D /* NewsViewModelMapper.swift in Sources */,
				DB447A172AC64DB000E8DB65 /* NetworkErrors.swift in Sources */,
				DB7D98C42ACB8E4E00A6477D /* NewsDataSource.swift in Sources */,
			);
			runOnlyForDeploymentPostprocessing = 0;
		};
		DB4479DE2AC6375000E8DB65 /* Sources */ = {
			isa = PBXSourcesBuildPhase;
			buildActionMask = 2147483647;
			files = (
				DB4479E72AC6375000E8DB65 /* ViperArchitectureAlterNewsTests.swift in Sources */,
			);
			runOnlyForDeploymentPostprocessing = 0;
		};
		DB4479E82AC6375000E8DB65 /* Sources */ = {
			isa = PBXSourcesBuildPhase;
			buildActionMask = 2147483647;
			files = (
				DB4479F32AC6375000E8DB65 /* ViperArchitectureAlterNewsUITestsLaunchTests.swift in Sources */,
				DB4479F12AC6375000E8DB65 /* ViperArchitectureAlterNewsUITests.swift in Sources */,
			);
			runOnlyForDeploymentPostprocessing = 0;
		};
/* End PBXSourcesBuildPhase section */

/* Begin PBXTargetDependency section */
		DB4479E42AC6375000E8DB65 /* PBXTargetDependency */ = {
			isa = PBXTargetDependency;
			target = DB4479CB2AC6374D00E8DB65 /* ViperArchitectureAlterNews */;
			targetProxy = DB4479E32AC6375000E8DB65 /* PBXContainerItemProxy */;
		};
		DB4479EE2AC6375000E8DB65 /* PBXTargetDependency */ = {
			isa = PBXTargetDependency;
			target = DB4479CB2AC6374D00E8DB65 /* ViperArchitectureAlterNews */;
			targetProxy = DB4479ED2AC6375000E8DB65 /* PBXContainerItemProxy */;
		};
/* End PBXTargetDependency section */

/* Begin PBXVariantGroup section */
		DB4479DA2AC6375000E8DB65 /* LaunchScreen.storyboard */ = {
			isa = PBXVariantGroup;
			children = (
				DB4479DB2AC6375000E8DB65 /* Base */,
			);
			name = LaunchScreen.storyboard;
			sourceTree = "<group>";
		};
/* End PBXVariantGroup section */

/* Begin XCBuildConfiguration section */
		DB4479F42AC6375000E8DB65 /* Debug */ = {
			isa = XCBuildConfiguration;
			buildSettings = {
				ALWAYS_SEARCH_USER_PATHS = NO;
				CLANG_ANALYZER_NONNULL = YES;
				CLANG_ANALYZER_NUMBER_OBJECT_CONVERSION = YES_AGGRESSIVE;
				CLANG_CXX_LANGUAGE_STANDARD = "gnu++20";
				CLANG_ENABLE_MODULES = YES;
				CLANG_ENABLE_OBJC_ARC = YES;
				CLANG_ENABLE_OBJC_WEAK = YES;
				CLANG_WARN_BLOCK_CAPTURE_AUTORELEASING = YES;
				CLANG_WARN_BOOL_CONVERSION = YES;
				CLANG_WARN_COMMA = YES;
				CLANG_WARN_CONSTANT_CONVERSION = YES;
				CLANG_WARN_DEPRECATED_OBJC_IMPLEMENTATIONS = YES;
				CLANG_WARN_DIRECT_OBJC_ISA_USAGE = YES_ERROR;
				CLANG_WARN_DOCUMENTATION_COMMENTS = YES;
				CLANG_WARN_EMPTY_BODY = YES;
				CLANG_WARN_ENUM_CONVERSION = YES;
				CLANG_WARN_INFINITE_RECURSION = YES;
				CLANG_WARN_INT_CONVERSION = YES;
				CLANG_WARN_NON_LITERAL_NULL_CONVERSION = YES;
				CLANG_WARN_OBJC_IMPLICIT_RETAIN_SELF = YES;
				CLANG_WARN_OBJC_LITERAL_CONVERSION = YES;
				CLANG_WARN_OBJC_ROOT_CLASS = YES_ERROR;
				CLANG_WARN_QUOTED_INCLUDE_IN_FRAMEWORK_HEADER = YES;
				CLANG_WARN_RANGE_LOOP_ANALYSIS = YES;
				CLANG_WARN_STRICT_PROTOTYPES = YES;
				CLANG_WARN_SUSPICIOUS_MOVE = YES;
				CLANG_WARN_UNGUARDED_AVAILABILITY = YES_AGGRESSIVE;
				CLANG_WARN_UNREACHABLE_CODE = YES;
				CLANG_WARN__DUPLICATE_METHOD_MATCH = YES;
				COPY_PHASE_STRIP = NO;
				DEBUG_INFORMATION_FORMAT = dwarf;
				ENABLE_STRICT_OBJC_MSGSEND = YES;
				ENABLE_TESTABILITY = YES;
				GCC_C_LANGUAGE_STANDARD = gnu11;
				GCC_DYNAMIC_NO_PIC = NO;
				GCC_NO_COMMON_BLOCKS = YES;
				GCC_OPTIMIZATION_LEVEL = 0;
				GCC_PREPROCESSOR_DEFINITIONS = (
					"DEBUG=1",
					"$(inherited)",
				);
				GCC_WARN_64_TO_32_BIT_CONVERSION = YES;
				GCC_WARN_ABOUT_RETURN_TYPE = YES_ERROR;
				GCC_WARN_UNDECLARED_SELECTOR = YES;
				GCC_WARN_UNINITIALIZED_AUTOS = YES_AGGRESSIVE;
				GCC_WARN_UNUSED_FUNCTION = YES;
				GCC_WARN_UNUSED_VARIABLE = YES;
				IPHONEOS_DEPLOYMENT_TARGET = 16.4;
				MTL_ENABLE_DEBUG_INFO = INCLUDE_SOURCE;
				MTL_FAST_MATH = YES;
				ONLY_ACTIVE_ARCH = YES;
				SDKROOT = iphoneos;
				SWIFT_ACTIVE_COMPILATION_CONDITIONS = DEBUG;
				SWIFT_OPTIMIZATION_LEVEL = "-Onone";
			};
			name = Debug;
		};
		DB4479F52AC6375000E8DB65 /* Release */ = {
			isa = XCBuildConfiguration;
			buildSettings = {
				ALWAYS_SEARCH_USER_PATHS = NO;
				CLANG_ANALYZER_NONNULL = YES;
				CLANG_ANALYZER_NUMBER_OBJECT_CONVERSION = YES_AGGRESSIVE;
				CLANG_CXX_LANGUAGE_STANDARD = "gnu++20";
				CLANG_ENABLE_MODULES = YES;
				CLANG_ENABLE_OBJC_ARC = YES;
				CLANG_ENABLE_OBJC_WEAK = YES;
				CLANG_WARN_BLOCK_CAPTURE_AUTORELEASING = YES;
				CLANG_WARN_BOOL_CONVERSION = YES;
				CLANG_WARN_COMMA = YES;
				CLANG_WARN_CONSTANT_CONVERSION = YES;
				CLANG_WARN_DEPRECATED_OBJC_IMPLEMENTATIONS = YES;
				CLANG_WARN_DIRECT_OBJC_ISA_USAGE = YES_ERROR;
				CLANG_WARN_DOCUMENTATION_COMMENTS = YES;
				CLANG_WARN_EMPTY_BODY = YES;
				CLANG_WARN_ENUM_CONVERSION = YES;
				CLANG_WARN_INFINITE_RECURSION = YES;
				CLANG_WARN_INT_CONVERSION = YES;
				CLANG_WARN_NON_LITERAL_NULL_CONVERSION = YES;
				CLANG_WARN_OBJC_IMPLICIT_RETAIN_SELF = YES;
				CLANG_WARN_OBJC_LITERAL_CONVERSION = YES;
				CLANG_WARN_OBJC_ROOT_CLASS = YES_ERROR;
				CLANG_WARN_QUOTED_INCLUDE_IN_FRAMEWORK_HEADER = YES;
				CLANG_WARN_RANGE_LOOP_ANALYSIS = YES;
				CLANG_WARN_STRICT_PROTOTYPES = YES;
				CLANG_WARN_SUSPICIOUS_MOVE = YES;
				CLANG_WARN_UNGUARDED_AVAILABILITY = YES_AGGRESSIVE;
				CLANG_WARN_UNREACHABLE_CODE = YES;
				CLANG_WARN__DUPLICATE_METHOD_MATCH = YES;
				COPY_PHASE_STRIP = NO;
				DEBUG_INFORMATION_FORMAT = "dwarf-with-dsym";
				ENABLE_NS_ASSERTIONS = NO;
				ENABLE_STRICT_OBJC_MSGSEND = YES;
				GCC_C_LANGUAGE_STANDARD = gnu11;
				GCC_NO_COMMON_BLOCKS = YES;
				GCC_WARN_64_TO_32_BIT_CONVERSION = YES;
				GCC_WARN_ABOUT_RETURN_TYPE = YES_ERROR;
				GCC_WARN_UNDECLARED_SELECTOR = YES;
				GCC_WARN_UNINITIALIZED_AUTOS = YES_AGGRESSIVE;
				GCC_WARN_UNUSED_FUNCTION = YES;
				GCC_WARN_UNUSED_VARIABLE = YES;
				IPHONEOS_DEPLOYMENT_TARGET = 16.4;
				MTL_ENABLE_DEBUG_INFO = NO;
				MTL_FAST_MATH = YES;
				SDKROOT = iphoneos;
				SWIFT_COMPILATION_MODE = wholemodule;
				SWIFT_OPTIMIZATION_LEVEL = "-O";
				VALIDATE_PRODUCT = YES;
			};
			name = Release;
		};
		DB4479F72AC6375000E8DB65 /* Debug */ = {
			isa = XCBuildConfiguration;
			buildSettings = {
				ASSETCATALOG_COMPILER_APPICON_NAME = AppIcon;
				ASSETCATALOG_COMPILER_GLOBAL_ACCENT_COLOR_NAME = AccentColor;
				CODE_SIGN_STYLE = Automatic;
				CURRENT_PROJECT_VERSION = 1;
				DEVELOPMENT_TEAM = UV3M98YDVA;
				GENERATE_INFOPLIST_FILE = YES;
				INFOPLIST_FILE = ViperArchitectureAlterNews/Info.plist;
				INFOPLIST_KEY_UIApplicationSupportsIndirectInputEvents = YES;
				INFOPLIST_KEY_UILaunchStoryboardName = LaunchScreen;
				INFOPLIST_KEY_UISupportedInterfaceOrientations_iPad = "UIInterfaceOrientationPortrait UIInterfaceOrientationPortraitUpsideDown UIInterfaceOrientationLandscapeLeft UIInterfaceOrientationLandscapeRight";
				INFOPLIST_KEY_UISupportedInterfaceOrientations_iPhone = "UIInterfaceOrientationPortrait UIInterfaceOrientationLandscapeLeft UIInterfaceOrientationLandscapeRight";
				LD_RUNPATH_SEARCH_PATHS = (
					"$(inherited)",
					"@executable_path/Frameworks",
				);
				MARKETING_VERSION = 1.0;
				PRODUCT_BUNDLE_IDENTIFIER = com.bertochgg.chgg.ViperArchitectureAlterNews;
				PRODUCT_NAME = "$(TARGET_NAME)";
				SWIFT_EMIT_LOC_STRINGS = YES;
				SWIFT_VERSION = 5.0;
				TARGETED_DEVICE_FAMILY = "1,2";
			};
			name = Debug;
		};
		DB4479F82AC6375000E8DB65 /* Release */ = {
			isa = XCBuildConfiguration;
			buildSettings = {
				ASSETCATALOG_COMPILER_APPICON_NAME = AppIcon;
				ASSETCATALOG_COMPILER_GLOBAL_ACCENT_COLOR_NAME = AccentColor;
				CODE_SIGN_STYLE = Automatic;
				CURRENT_PROJECT_VERSION = 1;
				DEVELOPMENT_TEAM = UV3M98YDVA;
				GENERATE_INFOPLIST_FILE = YES;
				INFOPLIST_FILE = ViperArchitectureAlterNews/Info.plist;
				INFOPLIST_KEY_UIApplicationSupportsIndirectInputEvents = YES;
				INFOPLIST_KEY_UILaunchStoryboardName = LaunchScreen;
				INFOPLIST_KEY_UISupportedInterfaceOrientations_iPad = "UIInterfaceOrientationPortrait UIInterfaceOrientationPortraitUpsideDown UIInterfaceOrientationLandscapeLeft UIInterfaceOrientationLandscapeRight";
				INFOPLIST_KEY_UISupportedInterfaceOrientations_iPhone = "UIInterfaceOrientationPortrait UIInterfaceOrientationLandscapeLeft UIInterfaceOrientationLandscapeRight";
				LD_RUNPATH_SEARCH_PATHS = (
					"$(inherited)",
					"@executable_path/Frameworks",
				);
				MARKETING_VERSION = 1.0;
				PRODUCT_BUNDLE_IDENTIFIER = com.bertochgg.chgg.ViperArchitectureAlterNews;
				PRODUCT_NAME = "$(TARGET_NAME)";
				SWIFT_EMIT_LOC_STRINGS = YES;
				SWIFT_VERSION = 5.0;
				TARGETED_DEVICE_FAMILY = "1,2";
			};
			name = Release;
		};
		DB4479FA2AC6375000E8DB65 /* Debug */ = {
			isa = XCBuildConfiguration;
			buildSettings = {
				ALWAYS_EMBED_SWIFT_STANDARD_LIBRARIES = YES;
				BUNDLE_LOADER = "$(TEST_HOST)";
				CODE_SIGN_STYLE = Automatic;
				CURRENT_PROJECT_VERSION = 1;
				DEVELOPMENT_TEAM = UV3M98YDVA;
				GENERATE_INFOPLIST_FILE = YES;
				IPHONEOS_DEPLOYMENT_TARGET = 16.4;
				MARKETING_VERSION = 1.0;
				PRODUCT_BUNDLE_IDENTIFIER = com.bertochgg.chgg.ViperArchitectureAlterNewsTests;
				PRODUCT_NAME = "$(TARGET_NAME)";
				SWIFT_EMIT_LOC_STRINGS = NO;
				SWIFT_VERSION = 5.0;
				TARGETED_DEVICE_FAMILY = "1,2";
				TEST_HOST = "$(BUILT_PRODUCTS_DIR)/ViperArchitectureAlterNews.app/$(BUNDLE_EXECUTABLE_FOLDER_PATH)/ViperArchitectureAlterNews";
			};
			name = Debug;
		};
		DB4479FB2AC6375000E8DB65 /* Release */ = {
			isa = XCBuildConfiguration;
			buildSettings = {
				ALWAYS_EMBED_SWIFT_STANDARD_LIBRARIES = YES;
				BUNDLE_LOADER = "$(TEST_HOST)";
				CODE_SIGN_STYLE = Automatic;
				CURRENT_PROJECT_VERSION = 1;
				DEVELOPMENT_TEAM = UV3M98YDVA;
				GENERATE_INFOPLIST_FILE = YES;
				IPHONEOS_DEPLOYMENT_TARGET = 16.4;
				MARKETING_VERSION = 1.0;
				PRODUCT_BUNDLE_IDENTIFIER = com.bertochgg.chgg.ViperArchitectureAlterNewsTests;
				PRODUCT_NAME = "$(TARGET_NAME)";
				SWIFT_EMIT_LOC_STRINGS = NO;
				SWIFT_VERSION = 5.0;
				TARGETED_DEVICE_FAMILY = "1,2";
				TEST_HOST = "$(BUILT_PRODUCTS_DIR)/ViperArchitectureAlterNews.app/$(BUNDLE_EXECUTABLE_FOLDER_PATH)/ViperArchitectureAlterNews";
			};
			name = Release;
		};
		DB4479FD2AC6375000E8DB65 /* Debug */ = {
			isa = XCBuildConfiguration;
			buildSettings = {
				ALWAYS_EMBED_SWIFT_STANDARD_LIBRARIES = YES;
				CODE_SIGN_STYLE = Automatic;
				CURRENT_PROJECT_VERSION = 1;
				DEVELOPMENT_TEAM = UV3M98YDVA;
				GENERATE_INFOPLIST_FILE = YES;
				MARKETING_VERSION = 1.0;
				PRODUCT_BUNDLE_IDENTIFIER = com.bertochgg.chgg.ViperArchitectureAlterNewsUITests;
				PRODUCT_NAME = "$(TARGET_NAME)";
				SWIFT_EMIT_LOC_STRINGS = NO;
				SWIFT_VERSION = 5.0;
				TARGETED_DEVICE_FAMILY = "1,2";
				TEST_TARGET_NAME = ViperArchitectureAlterNews;
			};
			name = Debug;
		};
		DB4479FE2AC6375000E8DB65 /* Release */ = {
			isa = XCBuildConfiguration;
			buildSettings = {
				ALWAYS_EMBED_SWIFT_STANDARD_LIBRARIES = YES;
				CODE_SIGN_STYLE = Automatic;
				CURRENT_PROJECT_VERSION = 1;
				DEVELOPMENT_TEAM = UV3M98YDVA;
				GENERATE_INFOPLIST_FILE = YES;
				MARKETING_VERSION = 1.0;
				PRODUCT_BUNDLE_IDENTIFIER = com.bertochgg.chgg.ViperArchitectureAlterNewsUITests;
				PRODUCT_NAME = "$(TARGET_NAME)";
				SWIFT_EMIT_LOC_STRINGS = NO;
				SWIFT_VERSION = 5.0;
				TARGETED_DEVICE_FAMILY = "1,2";
				TEST_TARGET_NAME = ViperArchitectureAlterNews;
			};
			name = Release;
		};
/* End XCBuildConfiguration section */

/* Begin XCConfigurationList section */
		DB4479C72AC6374D00E8DB65 /* Build configuration list for PBXProject "ViperArchitectureAlterNews" */ = {
			isa = XCConfigurationList;
			buildConfigurations = (
				DB4479F42AC6375000E8DB65 /* Debug */,
				DB4479F52AC6375000E8DB65 /* Release */,
			);
			defaultConfigurationIsVisible = 0;
			defaultConfigurationName = Release;
		};
		DB4479F62AC6375000E8DB65 /* Build configuration list for PBXNativeTarget "ViperArchitectureAlterNews" */ = {
			isa = XCConfigurationList;
			buildConfigurations = (
				DB4479F72AC6375000E8DB65 /* Debug */,
				DB4479F82AC6375000E8DB65 /* Release */,
			);
			defaultConfigurationIsVisible = 0;
			defaultConfigurationName = Release;
		};
		DB4479F92AC6375000E8DB65 /* Build configuration list for PBXNativeTarget "ViperArchitectureAlterNewsTests" */ = {
			isa = XCConfigurationList;
			buildConfigurations = (
				DB4479FA2AC6375000E8DB65 /* Debug */,
				DB4479FB2AC6375000E8DB65 /* Release */,
			);
			defaultConfigurationIsVisible = 0;
			defaultConfigurationName = Release;
		};
		DB4479FC2AC6375000E8DB65 /* Build configuration list for PBXNativeTarget "ViperArchitectureAlterNewsUITests" */ = {
			isa = XCConfigurationList;
			buildConfigurations = (
				DB4479FD2AC6375000E8DB65 /* Debug */,
				DB4479FE2AC6375000E8DB65 /* Release */,
			);
			defaultConfigurationIsVisible = 0;
			defaultConfigurationName = Release;
		};
/* End XCConfigurationList section */

/* Begin XCRemoteSwiftPackageReference section */
		DB7D98BF2ACB8D2D00A6477D /* XCRemoteSwiftPackageReference "Kingfisher" */ = {
			isa = XCRemoteSwiftPackageReference;
			repositoryURL = "https://github.com/onevcat/Kingfisher";
			requirement = {
				kind = upToNextMajorVersion;
				minimumVersion = 7.9.1;
			};
		};
/* End XCRemoteSwiftPackageReference section */

/* Begin XCSwiftPackageProductDependency section */
		DB7D98C02ACB8D2D00A6477D /* Kingfisher */ = {
			isa = XCSwiftPackageProductDependency;
			package = DB7D98BF2ACB8D2D00A6477D /* XCRemoteSwiftPackageReference "Kingfisher" */;
			productName = Kingfisher;
		};
/* End XCSwiftPackageProductDependency section */
	};
	rootObject = DB4479C42AC6374D00E8DB65 /* Project object */;
}
